{
  "version": 4,
  "terraform_version": "1.9.8",
  "serial": 17,
  "lineage": "6f56c42e-51cc-3b35-61e7-84bc1c458e55",
  "outputs": {},
  "resources": [
    {
      "module": "module.c8kv1",
      "mode": "managed",
      "type": "iosxe_bgp",
      "name": "device_bgp",
      "provider": "module.c8kv1.provider[\"registry.terraform.io/ciscodevnet/iosxe\"].c8kv1",
      "instances": [
        {
          "schema_version": 0,
          "attributes": {
            "asn": "65001",
            "bgp_graceful_restart": null,
            "bgp_update_delay": null,
            "default_ipv4_unicast": null,
            "delete_mode": null,
            "device": null,
            "id": "Cisco-IOS-XE-native:native/router/Cisco-IOS-XE-bgp:bgp=65001",
            "log_neighbor_changes": true,
            "router_id_ip": null,
            "router_id_loopback": null
          },
          "sensitive_attributes": [],
          "private": "eyJpbXBvcnRpbmciOiJNQT09In0="
        }
      ]
    },
    {
      "module": "module.c8kv1",
      "mode": "managed",
      "type": "iosxe_bgp_address_family_ipv4",
      "name": "device_bgp_ipv4_unicast",
      "provider": "module.c8kv1.provider[\"registry.terraform.io/ciscodevnet/iosxe\"].c8kv1",
      "instances": [
        {
          "schema_version": 0,
          "attributes": {
            "af_name": "unicast",
            "asn": "65001",
            "delete_mode": null,
            "device": null,
            "id": "Cisco-IOS-XE-native:native/router/Cisco-IOS-XE-bgp:bgp=65001/address-family/no-vrf/ipv4=unicast",
            "ipv4_unicast_admin_distances": null,
            "ipv4_unicast_aggregate_addresses": null,
            "ipv4_unicast_distance_bgp_external": null,
            "ipv4_unicast_distance_bgp_internal": null,
            "ipv4_unicast_distance_bgp_local": null,
            "ipv4_unicast_maximum_paths_ebgp": null,
            "ipv4_unicast_maximum_paths_ibgp": null,
            "ipv4_unicast_networks": null,
            "ipv4_unicast_networks_mask": [
              {
                "backdoor": null,
                "mask": "255.255.255.0",
                "network": "1.1.1.0",
                "route_map": null
              },
              {
                "backdoor": null,
                "mask": "255.255.255.0",
                "network": "11.1.1.0",
                "route_map": null
              }
            ],
            "ipv4_unicast_redistribute_connected": null,
            "ipv4_unicast_redistribute_static": null
          },
          "sensitive_attributes": [],
          "private": "eyJpbXBvcnRpbmciOiJNQT09In0=",
          "dependencies": [
            "module.c8kv1.iosxe_bgp.device_bgp"
          ]
        }
      ]
    },
    {
      "module": "module.c8kv1",
      "mode": "managed",
      "type": "iosxe_bgp_ipv4_unicast_neighbor",
      "name": "device_bgp_ipv4_unicast_neighbor",
      "provider": "module.c8kv1.provider[\"registry.terraform.io/ciscodevnet/iosxe\"].c8kv1",
      "instances": [
        {
          "schema_version": 0,
          "attributes": {
            "activate": true,
            "asn": "65001",
            "default_originate": null,
            "default_originate_route_map": null,
            "delete_mode": null,
            "device": null,
            "id": "Cisco-IOS-XE-native:native/router/Cisco-IOS-XE-bgp:bgp=65001/address-family/no-vrf/ipv4=unicast/ipv4-unicast/neighbor=172.16.12.2",
            "inherit_peer_policy": null,
            "ip": "172.16.12.2",
            "route_maps": null,
            "route_reflector_client": null,
            "send_community": null,
            "soft_reconfiguration": null
          },
          "sensitive_attributes": [],
          "private": "eyJpbXBvcnRpbmciOiJNQT09In0=",
          "dependencies": [
            "module.c8kv1.iosxe_bgp.device_bgp",
            "module.c8kv1.iosxe_bgp_address_family_ipv4.device_bgp_ipv4_unicast",
            "module.c8kv1.iosxe_bgp_neighbor.device_bgp_neighbor"
          ]
        }
      ]
    },
    {
      "module": "module.c8kv1",
      "mode": "managed",
      "type": "iosxe_bgp_neighbor",
      "name": "device_bgp_neighbor",
      "provider": "module.c8kv1.provider[\"registry.terraform.io/ciscodevnet/iosxe\"].c8kv1",
      "instances": [
        {
          "schema_version": 0,
          "attributes": {
            "asn": "65001",
            "cluster_id": null,
            "delete_mode": null,
            "description": null,
            "device": null,
            "disable_connected_check": null,
            "ebgp_multihop": null,
            "ebgp_multihop_max_hop": null,
            "fall_over_bfd": null,
            "fall_over_bfd_check_control_plane_failure": null,
            "fall_over_bfd_multi_hop": null,
            "fall_over_bfd_single_hop": null,
            "fall_over_bfd_strict_mode": null,
            "fall_over_default_enable": null,
            "fall_over_default_route_map": null,
            "fall_over_maximum_metric_route_map": null,
            "id": "Cisco-IOS-XE-native:native/router/Cisco-IOS-XE-bgp:bgp=65001/neighbor=172.16.12.2",
            "inherit_peer_session": null,
            "ip": "172.16.12.2",
            "local_as": null,
            "local_as_dual_as": null,
            "local_as_no_prepend": null,
            "local_as_replace_as": null,
            "log_neighbor_changes": true,
            "password": null,
            "password_type": null,
            "password_wo": null,
            "password_wo_version": null,
            "peer_group": null,
            "remote_as": "65002",
            "shutdown": false,
            "timers_holdtime": null,
            "timers_keepalive_interval": null,
            "timers_minimum_neighbor_hold": null,
            "ttl_security_hops": null,
            "update_source_interface_loopback": null,
            "version": null
          },
          "sensitive_attributes": [
            [
              {
                "type": "get_attr",
                "value": "password"
              }
            ]
          ],
          "private": "eyJpbXBvcnRpbmciOiJNQT09In0=",
          "dependencies": [
            "module.c8kv1.iosxe_bgp.device_bgp"
          ]
        }
      ]
    },
    {
      "module": "module.c8kv1",
      "mode": "managed",
      "type": "iosxe_interface_ethernet",
      "name": "interface_g2",
      "provider": "module.c8kv1.provider[\"registry.terraform.io/ciscodevnet/iosxe\"].c8kv1",
      "instances": [
        {
          "schema_version": 0,
          "attributes": {
            "arp_timeout": null,
            "authentication_event_fail_action_authorize_vlan": null,
            "authentication_event_fail_action_next_method": null,
            "authentication_event_linksec_fail_action_next_method": null,
            "authentication_event_no_response_action_authorize_vlan": null,
            "authentication_event_server_alive_action_reinitialize": null,
            "authentication_event_server_dead_action_authorize": null,
            "authentication_event_server_dead_action_authorize_vlan": null,
            "authentication_event_server_dead_action_authorize_voice": null,
            "authentication_event_server_dead_action_reinitialize_vlan": null,
            "authentication_host_mode": null,
            "authentication_order_dot1x": null,
            "authentication_order_dot1x_mab": null,
            "authentication_order_dot1x_webauth": null,
            "authentication_order_mab": null,
            "authentication_order_mab_dot1x": null,
            "authentication_order_mab_webauth": null,
            "authentication_order_webauth": null,
            "authentication_periodic": null,
            "authentication_port_control": null,
            "authentication_priority_dot1x": null,
            "authentication_priority_dot1x_mab": null,
            "authentication_priority_dot1x_webauth": null,
            "authentication_priority_mab": null,
            "authentication_priority_mab_dot1x": null,
            "authentication_priority_mab_webauth": null,
            "authentication_priority_webauth": null,
            "authentication_timer_reauthenticate": null,
            "authentication_timer_reauthenticate_server": null,
            "auto_qos_classify": null,
            "auto_qos_classify_police": null,
            "auto_qos_trust": null,
            "auto_qos_trust_cos": null,
            "auto_qos_trust_dscp": null,
            "auto_qos_video_cts": null,
            "auto_qos_video_ip_camera": null,
            "auto_qos_video_media_player": null,
            "auto_qos_voip_cisco_phone": null,
            "auto_qos_voip_cisco_softphone": null,
            "auto_qos_voip_trust": null,
            "bandwidth": null,
            "bfd_echo": null,
            "bfd_enable": null,
            "bfd_interval": null,
            "bfd_interval_min_rx": null,
            "bfd_interval_multiplier": null,
            "bfd_local_address": null,
            "bfd_template": null,
            "bpduguard_disable": null,
            "bpduguard_enable": null,
            "carrier_delay_msec": null,
            "cdp_enable": null,
            "cdp_tlv_app": null,
            "cdp_tlv_location": null,
            "cdp_tlv_server_location": null,
            "channel_group_mode": null,
            "channel_group_number": null,
            "description": "Terraform Configure Interface G2",
            "device": null,
            "device_tracking": null,
            "device_tracking_attached_policies": null,
            "dot1x_max_reauth_req": null,
            "dot1x_max_req": null,
            "dot1x_pae": null,
            "dot1x_timeout_auth_period": null,
            "dot1x_timeout_held_period": null,
            "dot1x_timeout_quiet_period": null,
            "dot1x_timeout_ratelimit_period": null,
            "dot1x_timeout_server_timeout": null,
            "dot1x_timeout_start_period": null,
            "dot1x_timeout_supp_timeout": null,
            "dot1x_timeout_tx_period": null,
            "encapsulation_dot1q_vlan_id": null,
            "evpn_ethernet_segments": null,
            "helper_addresses": null,
            "hold_queues": null,
            "id": "Cisco-IOS-XE-native:native/interface/GigabitEthernet=2",
            "ip_access_group_in": null,
            "ip_access_group_in_enable": null,
            "ip_access_group_out": null,
            "ip_access_group_out_enable": null,
            "ip_arp_inspection_limit_rate": null,
            "ip_arp_inspection_trust": null,
            "ip_dhcp_relay_information_option_vpn_id": null,
            "ip_dhcp_relay_source_interface": null,
            "ip_dhcp_snooping_trust": null,
            "ip_flow_monitors": null,
            "ip_igmp_version": null,
            "ip_nat_inside": null,
            "ip_nat_outside": null,
            "ip_nbar_protocol_discovery": null,
            "ip_proxy_arp": null,
            "ip_redirects": null,
            "ip_router_isis": null,
            "ip_unreachables": null,
            "ipv4_address": "172.16.12.1",
            "ipv4_address_mask": "255.255.255.0",
            "ipv6_address_autoconfig_default": null,
            "ipv6_address_dhcp": null,
            "ipv6_addresses": null,
            "ipv6_enable": null,
            "ipv6_flow_monitors": null,
            "ipv6_link_local_addresses": null,
            "ipv6_mtu": null,
            "ipv6_nd_ra_suppress_all": null,
            "load_interval": null,
            "logging_event_link_status_enable": null,
            "mab": null,
            "mab_eap": null,
            "media_type": null,
            "mtu": null,
            "name": "2",
            "negotiation_auto": null,
            "service_instances": null,
            "service_policy_input": null,
            "service_policy_output": null,
            "shutdown": false,
            "snmp_trap_link_status": null,
            "source_template": null,
            "spanning_tree_guard": null,
            "spanning_tree_link_type": null,
            "spanning_tree_portfast": null,
            "spanning_tree_portfast_disable": null,
            "spanning_tree_portfast_edge": null,
            "spanning_tree_portfast_trunk": null,
            "speed_100": null,
            "speed_1000": null,
            "speed_10000": null,
            "speed_100000": null,
            "speed_2500": null,
            "speed_25000": null,
            "speed_40000": null,
            "speed_5000": null,
            "speed_nonegotiate": null,
            "switchport": null,
            "trust_device": null,
            "type": "GigabitEthernet",
            "unnumbered": null,
            "vrf_forwarding": null
          },
          "sensitive_attributes": [],
          "private": "eyJpbXBvcnRpbmciOiJNQT09In0="
        }
      ]
    },
    {
      "module": "module.c8kv1",
      "mode": "managed",
      "type": "iosxe_interface_loopback",
      "name": "interface_loop0",
      "provider": "module.c8kv1.provider[\"registry.terraform.io/ciscodevnet/iosxe\"].c8kv1",
      "instances": [
        {
          "schema_version": 0,
          "attributes": {
            "arp_timeout": null,
            "delete_mode": null,
            "description": "Terraform Configure Interface Lo0",
            "device": null,
            "id": "Cisco-IOS-XE-native:native/interface/Loopback=0",
            "ip_access_group_in": null,
            "ip_access_group_in_enable": null,
            "ip_access_group_out": null,
            "ip_access_group_out_enable": null,
            "ip_igmp_version": null,
            "ip_nat_inside": null,
            "ip_nat_outside": null,
            "ip_proxy_arp": null,
            "ip_redirects": null,
            "ip_router_isis": null,
            "ip_unreachables": null,
            "ipv4_address": "1.1.1.1",
            "ipv4_address_mask": "255.255.255.0",
            "ipv6_address_autoconfig_default": null,
            "ipv6_address_dhcp": null,
            "ipv6_addresses": null,
            "ipv6_enable": null,
            "ipv6_link_local_addresses": null,
            "ipv6_mtu": null,
            "ipv6_nd_ra_suppress_all": null,
            "name": 0,
            "shutdown": false,
            "vrf_forwarding": null
          },
          "sensitive_attributes": [],
          "private": "eyJpbXBvcnRpbmciOiJNQT09In0="
        }
      ]
    },
    {
      "module": "module.c8kv1",
      "mode": "managed",
      "type": "iosxe_interface_loopback",
      "name": "interface_loop1",
      "provider": "module.c8kv1.provider[\"registry.terraform.io/ciscodevnet/iosxe\"].c8kv1",
      "instances": [
        {
          "schema_version": 0,
          "attributes": {
            "arp_timeout": null,
            "delete_mode": null,
            "description": "Terraform Configure Interface Lo1",
            "device": null,
            "id": "Cisco-IOS-XE-native:native/interface/Loopback=1",
            "ip_access_group_in": null,
            "ip_access_group_in_enable": null,
            "ip_access_group_out": null,
            "ip_access_group_out_enable": null,
            "ip_igmp_version": null,
            "ip_nat_inside": null,
            "ip_nat_outside": null,
            "ip_proxy_arp": null,
            "ip_redirects": null,
            "ip_router_isis": null,
            "ip_unreachables": null,
            "ipv4_address": "11.1.1.1",
            "ipv4_address_mask": "255.255.255.0",
            "ipv6_address_autoconfig_default": null,
            "ipv6_address_dhcp": null,
            "ipv6_addresses": null,
            "ipv6_enable": null,
            "ipv6_link_local_addresses": null,
            "ipv6_mtu": null,
            "ipv6_nd_ra_suppress_all": null,
            "name": 1,
            "shutdown": false,
            "vrf_forwarding": null
          },
          "sensitive_attributes": [],
          "private": "eyJpbXBvcnRpbmciOiJNQT09In0="
        }
      ]
    },
    {
      "module": "module.c8kv1",
      "mode": "managed",
      "type": "iosxe_system",
      "name": "system",
      "provider": "module.c8kv1.provider[\"registry.terraform.io/ciscodevnet/iosxe\"].c8kv1",
      "instances": [
        {
          "schema_version": 0,
          "attributes": {
            "access_session_mac_move_deny": null,
            "archive_log_config_logging_enable": null,
            "archive_log_config_logging_size": null,
            "archive_maximum": null,
            "archive_path": null,
            "archive_time_period": null,
            "archive_write_memory": null,
            "authentication_mac_move_deny_uncontrolled": null,
            "authentication_mac_move_permit": null,
            "boot_system_bootfiles": null,
            "boot_system_flash_files": null,
            "call_home_cisco_tac_1_destination_transport_method": null,
            "call_home_cisco_tac_1_profile_active": null,
            "call_home_contact_email": null,
            "cisp_enable": null,
            "control_plane_service_policy_input": null,
            "device": null,
            "device_classifier": null,
            "diagnostic_bootup_level": null,
            "diagnostic_event_log_size": null,
            "enable_secret": null,
            "enable_secret_level": null,
            "enable_secret_type": null,
            "enable_secret_wo": null,
            "enable_secret_wo_version": null,
            "epm_logging": null,
            "ethernet_cfm_alarm_config_delay": null,
            "ethernet_cfm_alarm_config_reset": null,
            "hostname": "C8Kv1",
            "id": "Cisco-IOS-XE-native:native",
            "igmp_snooping_querier": null,
            "igmp_snooping_querier_max_response_time": null,
            "igmp_snooping_querier_timer_expiry": null,
            "igmp_snooping_querier_version": null,
            "ip_bgp_community_new_format": null,
            "ip_cef_load_sharing_algorithm_include_ports_destination": null,
            "ip_cef_load_sharing_algorithm_include_ports_source": null,
            "ip_default_gateway": null,
            "ip_domain_list_names": null,
            "ip_domain_list_vrf": null,
            "ip_domain_list_vrf_domain": null,
            "ip_domain_lookup": null,
            "ip_domain_lookup_nsap": null,
            "ip_domain_lookup_recursive": null,
            "ip_domain_lookup_source_interface_five_gigabit_ethernet": null,
            "ip_domain_lookup_source_interface_forty_gigabit_ethernet": null,
            "ip_domain_lookup_source_interface_gigabit_ethernet": null,
            "ip_domain_lookup_source_interface_hundred_gigabit_ethernet": null,
            "ip_domain_lookup_source_interface_loopback": null,
            "ip_domain_lookup_source_interface_ten_gigabit_ethernet": null,
            "ip_domain_lookup_source_interface_twenty_five_gigabit_ethernet": null,
            "ip_domain_lookup_source_interface_two_gigabit_ethernet": null,
            "ip_domain_lookup_source_interface_vlan": null,
            "ip_domain_lookup_vrfs": null,
            "ip_domain_name": "lab.local",
            "ip_forward_protocol_nd": null,
            "ip_ftp_passive": null,
            "ip_hosts": null,
            "ip_hosts_vrf": null,
            "ip_http_access_class": null,
            "ip_http_active_session_modules": null,
            "ip_http_authentication_aaa": null,
            "ip_http_authentication_aaa_command_authorization": null,
            "ip_http_authentication_aaa_exec_authorization": null,
            "ip_http_authentication_aaa_login_authentication": null,
            "ip_http_authentication_local": null,
            "ip_http_client_secure_trustpoint": null,
            "ip_http_client_source_interface": null,
            "ip_http_max_connections": null,
            "ip_http_secure_active_session_modules": null,
            "ip_http_secure_server": null,
            "ip_http_secure_trustpoint": null,
            "ip_http_server": null,
            "ip_http_tls_version": null,
            "ip_multicast_route_limit": null,
            "ip_multicast_routing": null,
            "ip_multicast_routing_distributed": null,
            "ip_name_servers": null,
            "ip_name_servers_vrf": null,
            "ip_nbar_classification_dns_classify_by_domain": null,
            "ip_radius_source_interface_five_gigabit_ethernet": null,
            "ip_radius_source_interface_forty_gigabit_ethernet": null,
            "ip_radius_source_interface_gigabit_ethernet": null,
            "ip_radius_source_interface_hundred_gigabit_ethernet": null,
            "ip_radius_source_interface_loopback": null,
            "ip_radius_source_interface_ten_gigabit_ethernet": null,
            "ip_radius_source_interface_twenty_five_gigabit_ethernet": null,
            "ip_radius_source_interface_two_gigabit_ethernet": null,
            "ip_radius_source_interface_vlan": null,
            "ip_radius_source_interface_vrf": null,
            "ip_routing": null,
            "ip_routing_protocol_purge_interface": null,
            "ip_scp_server_enable": null,
            "ip_sftp_password": null,
            "ip_sftp_password_encryption": null,
            "ip_sftp_password_wo": null,
            "ip_sftp_password_wo_version": null,
            "ip_sftp_username": null,
            "ip_source_route": null,
            "ip_ssh_authentication_retries": null,
            "ip_ssh_bulk_mode": null,
            "ip_ssh_bulk_mode_window_size": null,
            "ip_ssh_source_interface_five_gigabit_ethernet": null,
            "ip_ssh_source_interface_forty_gigabit_ethernet": null,
            "ip_ssh_source_interface_gigabit_ethernet": null,
            "ip_ssh_source_interface_hundred_gigabit_ethernet": null,
            "ip_ssh_source_interface_loopback": null,
            "ip_ssh_source_interface_ten_gigabit_ethernet": null,
            "ip_ssh_source_interface_twenty_five_gigabit_ethernet": null,
            "ip_ssh_source_interface_two_gigabit_ethernet": null,
            "ip_ssh_source_interface_vlan": null,
            "ip_ssh_time_out": null,
            "ip_ssh_version": null,
            "ip_ssh_version_legacy": null,
            "ip_tacacs_source_interface_five_gigabit_ethernet": null,
            "ip_tacacs_source_interface_forty_gigabit_ethernet": null,
            "ip_tacacs_source_interface_gigabit_ethernet": null,
            "ip_tacacs_source_interface_hundred_gigabit_ethernet": null,
            "ip_tacacs_source_interface_loopback": null,
            "ip_tacacs_source_interface_ten_gigabit_ethernet": null,
            "ip_tacacs_source_interface_twenty_five_gigabit_ethernet": null,
            "ip_tacacs_source_interface_two_gigabit_ethernet": null,
            "ip_tacacs_source_interface_vlan": null,
            "ip_tacacs_source_interface_vrf": null,
            "ip_tcp_mss": null,
            "ip_tcp_path_mtu_discovery": null,
            "ip_tcp_window_size": null,
            "ipv6_cef_load_sharing_algorithm_include_ports_destination": null,
            "ipv6_cef_load_sharing_algorithm_include_ports_source": null,
            "ipv6_multicast_routing": null,
            "ipv6_unicast_routing": null,
            "login_delay": null,
            "login_on_failure": null,
            "login_on_failure_log": null,
            "login_on_success": null,
            "login_on_success_log": null,
            "memory_free_low_watermark_processor": null,
            "mld_snooping": null,
            "mld_snooping_querier": null,
            "mtu": null,
            "multicast_routing_switch": null,
            "multicast_routing_vrfs": null,
            "multilink_ppp_bundle_name": null,
            "pnp_profiles": null,
            "port_channel_load_balance": null,
            "redundancy": null,
            "redundancy_mode": null,
            "security_passwords_min_length": null,
            "standby_redirects": null,
            "standby_redirects_enable_disable": null,
            "subscriber_templating": null,
            "table_maps": null,
            "tftp_source_interface_five_gigabit_ethernet": null,
            "tftp_source_interface_forty_gigabit_ethernet": null,
            "tftp_source_interface_gigabit_ethernet": null,
            "tftp_source_interface_hundred_gigabit_ethernet": null,
            "tftp_source_interface_loopback": null,
            "tftp_source_interface_ten_gigabit_ethernet": null,
            "tftp_source_interface_twenty_five_gigabit_ethernet": null,
            "tftp_source_interface_two_gigabit_ethernet": null,
            "tftp_source_interface_vlan": null,
            "track_objects": null,
            "transceiver_type_all_monitoring": null,
            "version": null
          },
          "sensitive_attributes": [
            [
              {
                "type": "get_attr",
                "value": "ip_sftp_password"
              }
            ],
            [
              {
                "type": "get_attr",
                "value": "enable_secret"
              }
            ]
          ],
          "private": "eyJpbXBvcnRpbmciOiJNQT09In0="
        }
      ]
    },
    {
      "module": "module.c8kv2",
      "mode": "managed",
      "type": "iosxe_bgp",
      "name": "device_bgp",
      "provider": "module.c8kv2.provider[\"registry.terraform.io/ciscodevnet/iosxe\"].c8kv2",
      "instances": [
        {
          "schema_version": 0,
          "attributes": {
            "asn": "65002",
            "bgp_graceful_restart": null,
            "bgp_update_delay": null,
            "default_ipv4_unicast": null,
            "delete_mode": null,
            "device": null,
            "id": "Cisco-IOS-XE-native:native/router/Cisco-IOS-XE-bgp:bgp=65002",
            "log_neighbor_changes": true,
            "router_id_ip": null,
            "router_id_loopback": null
          },
          "sensitive_attributes": [],
          "private": "eyJpbXBvcnRpbmciOiJNQT09In0="
        }
      ]
    },
    {
      "module": "module.c8kv2",
      "mode": "managed",
      "type": "iosxe_bgp_address_family_ipv4",
      "name": "device_bgp_ipv4_unicast",
      "provider": "module.c8kv2.provider[\"registry.terraform.io/ciscodevnet/iosxe\"].c8kv2",
      "instances": [
        {
          "schema_version": 0,
          "attributes": {
            "af_name": "unicast",
            "asn": "65002",
            "delete_mode": null,
            "device": null,
            "id": "Cisco-IOS-XE-native:native/router/Cisco-IOS-XE-bgp:bgp=65002/address-family/no-vrf/ipv4=unicast",
            "ipv4_unicast_admin_distances": null,
            "ipv4_unicast_aggregate_addresses": null,
            "ipv4_unicast_distance_bgp_external": null,
            "ipv4_unicast_distance_bgp_internal": null,
            "ipv4_unicast_distance_bgp_local": null,
            "ipv4_unicast_maximum_paths_ebgp": null,
            "ipv4_unicast_maximum_paths_ibgp": null,
            "ipv4_unicast_networks": null,
            "ipv4_unicast_networks_mask": [
              {
                "backdoor": null,
                "mask": "255.255.255.0",
                "network": "2.2.2.0",
                "route_map": null
              },
              {
                "backdoor": null,
                "mask": "255.255.255.0",
                "network": "22.2.2.0",
                "route_map": null
              }
            ],
            "ipv4_unicast_redistribute_connected": null,
            "ipv4_unicast_redistribute_static": null
          },
          "sensitive_attributes": [],
          "private": "eyJpbXBvcnRpbmciOiJNQT09In0=",
          "dependencies": [
            "module.c8kv2.iosxe_bgp.device_bgp"
          ]
        }
      ]
    },
    {
      "module": "module.c8kv2",
      "mode": "managed",
      "type": "iosxe_bgp_ipv4_unicast_neighbor",
      "name": "device_bgp_ipv4_unicast_neighbor",
      "provider": "module.c8kv2.provider[\"registry.terraform.io/ciscodevnet/iosxe\"].c8kv2",
      "instances": [
        {
          "schema_version": 0,
          "attributes": {
            "activate": true,
            "asn": "65002",
            "default_originate": null,
            "default_originate_route_map": null,
            "delete_mode": null,
            "device": null,
            "id": "Cisco-IOS-XE-native:native/router/Cisco-IOS-XE-bgp:bgp=65002/address-family/no-vrf/ipv4=unicast/ipv4-unicast/neighbor=172.16.12.1",
            "inherit_peer_policy": null,
            "ip": "172.16.12.1",
            "route_maps": null,
            "route_reflector_client": null,
            "send_community": null,
            "soft_reconfiguration": null
          },
          "sensitive_attributes": [],
          "private": "eyJpbXBvcnRpbmciOiJNQT09In0=",
          "dependencies": [
            "module.c8kv2.iosxe_bgp.device_bgp",
            "module.c8kv2.iosxe_bgp_address_family_ipv4.device_bgp_ipv4_unicast",
            "module.c8kv2.iosxe_bgp_neighbor.device_bgp_neighbor"
          ]
        }
      ]
    },
    {
      "module": "module.c8kv2",
      "mode": "managed",
      "type": "iosxe_bgp_neighbor",
      "name": "device_bgp_neighbor",
      "provider": "module.c8kv2.provider[\"registry.terraform.io/ciscodevnet/iosxe\"].c8kv2",
      "instances": [
        {
          "schema_version": 0,
          "attributes": {
            "asn": "65002",
            "cluster_id": null,
            "delete_mode": null,
            "description": null,
            "device": null,
            "disable_connected_check": null,
            "ebgp_multihop": null,
            "ebgp_multihop_max_hop": null,
            "fall_over_bfd": null,
            "fall_over_bfd_check_control_plane_failure": null,
            "fall_over_bfd_multi_hop": null,
            "fall_over_bfd_single_hop": null,
            "fall_over_bfd_strict_mode": null,
            "fall_over_default_enable": null,
            "fall_over_default_route_map": null,
            "fall_over_maximum_metric_route_map": null,
            "id": "Cisco-IOS-XE-native:native/router/Cisco-IOS-XE-bgp:bgp=65002/neighbor=172.16.12.1",
            "inherit_peer_session": null,
            "ip": "172.16.12.1",
            "local_as": null,
            "local_as_dual_as": null,
            "local_as_no_prepend": null,
            "local_as_replace_as": null,
            "log_neighbor_changes": true,
            "password": null,
            "password_type": null,
            "password_wo": null,
            "password_wo_version": null,
            "peer_group": null,
            "remote_as": "65001",
            "shutdown": false,
            "timers_holdtime": null,
            "timers_keepalive_interval": null,
            "timers_minimum_neighbor_hold": null,
            "ttl_security_hops": null,
            "update_source_interface_loopback": null,
            "version": null
          },
          "sensitive_attributes": [
            [
              {
                "type": "get_attr",
                "value": "password"
              }
            ]
          ],
          "private": "eyJpbXBvcnRpbmciOiJNQT09In0=",
          "dependencies": [
            "module.c8kv2.iosxe_bgp.device_bgp"
          ]
        }
      ]
    },
    {
      "module": "module.c8kv2",
      "mode": "managed",
      "type": "iosxe_interface_ethernet",
      "name": "interface_g2",
      "provider": "module.c8kv2.provider[\"registry.terraform.io/ciscodevnet/iosxe\"].c8kv2",
      "instances": [
        {
          "schema_version": 0,
          "attributes": {
            "arp_timeout": null,
            "authentication_event_fail_action_authorize_vlan": null,
            "authentication_event_fail_action_next_method": null,
            "authentication_event_linksec_fail_action_next_method": null,
            "authentication_event_no_response_action_authorize_vlan": null,
            "authentication_event_server_alive_action_reinitialize": null,
            "authentication_event_server_dead_action_authorize": null,
            "authentication_event_server_dead_action_authorize_vlan": null,
            "authentication_event_server_dead_action_authorize_voice": null,
            "authentication_event_server_dead_action_reinitialize_vlan": null,
            "authentication_host_mode": null,
            "authentication_order_dot1x": null,
            "authentication_order_dot1x_mab": null,
            "authentication_order_dot1x_webauth": null,
            "authentication_order_mab": null,
            "authentication_order_mab_dot1x": null,
            "authentication_order_mab_webauth": null,
            "authentication_order_webauth": null,
            "authentication_periodic": null,
            "authentication_port_control": null,
            "authentication_priority_dot1x": null,
            "authentication_priority_dot1x_mab": null,
            "authentication_priority_dot1x_webauth": null,
            "authentication_priority_mab": null,
            "authentication_priority_mab_dot1x": null,
            "authentication_priority_mab_webauth": null,
            "authentication_priority_webauth": null,
            "authentication_timer_reauthenticate": null,
            "authentication_timer_reauthenticate_server": null,
            "auto_qos_classify": null,
            "auto_qos_classify_police": null,
            "auto_qos_trust": null,
            "auto_qos_trust_cos": null,
            "auto_qos_trust_dscp": null,
            "auto_qos_video_cts": null,
            "auto_qos_video_ip_camera": null,
            "auto_qos_video_media_player": null,
            "auto_qos_voip_cisco_phone": null,
            "auto_qos_voip_cisco_softphone": null,
            "auto_qos_voip_trust": null,
            "bandwidth": null,
            "bfd_echo": null,
            "bfd_enable": null,
            "bfd_interval": null,
            "bfd_interval_min_rx": null,
            "bfd_interval_multiplier": null,
            "bfd_local_address": null,
            "bfd_template": null,
            "bpduguard_disable": null,
            "bpduguard_enable": null,
            "carrier_delay_msec": null,
            "cdp_enable": null,
            "cdp_tlv_app": null,
            "cdp_tlv_location": null,
            "cdp_tlv_server_location": null,
            "channel_group_mode": null,
            "channel_group_number": null,
            "description": "Terraform Configure Interface G2",
            "device": null,
            "device_tracking": null,
            "device_tracking_attached_policies": null,
            "dot1x_max_reauth_req": null,
            "dot1x_max_req": null,
            "dot1x_pae": null,
            "dot1x_timeout_auth_period": null,
            "dot1x_timeout_held_period": null,
            "dot1x_timeout_quiet_period": null,
            "dot1x_timeout_ratelimit_period": null,
            "dot1x_timeout_server_timeout": null,
            "dot1x_timeout_start_period": null,
            "dot1x_timeout_supp_timeout": null,
            "dot1x_timeout_tx_period": null,
            "encapsulation_dot1q_vlan_id": null,
            "evpn_ethernet_segments": null,
            "helper_addresses": null,
            "hold_queues": null,
            "id": "Cisco-IOS-XE-native:native/interface/GigabitEthernet=2",
            "ip_access_group_in": null,
            "ip_access_group_in_enable": null,
            "ip_access_group_out": null,
            "ip_access_group_out_enable": null,
            "ip_arp_inspection_limit_rate": null,
            "ip_arp_inspection_trust": null,
            "ip_dhcp_relay_information_option_vpn_id": null,
            "ip_dhcp_relay_source_interface": null,
            "ip_dhcp_snooping_trust": null,
            "ip_flow_monitors": null,
            "ip_igmp_version": null,
            "ip_nat_inside": null,
            "ip_nat_outside": null,
            "ip_nbar_protocol_discovery": null,
            "ip_proxy_arp": null,
            "ip_redirects": null,
            "ip_router_isis": null,
            "ip_unreachables": null,
            "ipv4_address": "172.16.12.2",
            "ipv4_address_mask": "255.255.255.0",
            "ipv6_address_autoconfig_default": null,
            "ipv6_address_dhcp": null,
            "ipv6_addresses": null,
            "ipv6_enable": null,
            "ipv6_flow_monitors": null,
            "ipv6_link_local_addresses": null,
            "ipv6_mtu": null,
            "ipv6_nd_ra_suppress_all": null,
            "load_interval": null,
            "logging_event_link_status_enable": null,
            "mab": null,
            "mab_eap": null,
            "media_type": null,
            "mtu": null,
            "name": "2",
            "negotiation_auto": null,
            "service_instances": null,
            "service_policy_input": null,
            "service_policy_output": null,
            "shutdown": false,
            "snmp_trap_link_status": null,
            "source_template": null,
            "spanning_tree_guard": null,
            "spanning_tree_link_type": null,
            "spanning_tree_portfast": null,
            "spanning_tree_portfast_disable": null,
            "spanning_tree_portfast_edge": null,
            "spanning_tree_portfast_trunk": null,
            "speed_100": null,
            "speed_1000": null,
            "speed_10000": null,
            "speed_100000": null,
            "speed_2500": null,
            "speed_25000": null,
            "speed_40000": null,
            "speed_5000": null,
            "speed_nonegotiate": null,
            "switchport": null,
            "trust_device": null,
            "type": "GigabitEthernet",
            "unnumbered": null,
            "vrf_forwarding": null
          },
          "sensitive_attributes": [],
          "private": "eyJpbXBvcnRpbmciOiJNQT09In0="
        }
      ]
    },
    {
      "module": "module.c8kv2",
      "mode": "managed",
      "type": "iosxe_interface_loopback",
      "name": "interface_loop0",
      "provider": "module.c8kv2.provider[\"registry.terraform.io/ciscodevnet/iosxe\"].c8kv2",
      "instances": [
        {
          "schema_version": 0,
          "attributes": {
            "arp_timeout": null,
            "delete_mode": null,
            "description": "Terraform Configure Interface Lo0",
            "device": null,
            "id": "Cisco-IOS-XE-native:native/interface/Loopback=0",
            "ip_access_group_in": null,
            "ip_access_group_in_enable": null,
            "ip_access_group_out": null,
            "ip_access_group_out_enable": null,
            "ip_igmp_version": null,
            "ip_nat_inside": null,
            "ip_nat_outside": null,
            "ip_proxy_arp": null,
            "ip_redirects": null,
            "ip_router_isis": null,
            "ip_unreachables": null,
            "ipv4_address": "2.2.2.2",
            "ipv4_address_mask": "255.255.255.0",
            "ipv6_address_autoconfig_default": null,
            "ipv6_address_dhcp": null,
            "ipv6_addresses": null,
            "ipv6_enable": null,
            "ipv6_link_local_addresses": null,
            "ipv6_mtu": null,
            "ipv6_nd_ra_suppress_all": null,
            "name": 0,
            "shutdown": false,
            "vrf_forwarding": null
          },
          "sensitive_attributes": [],
          "private": "eyJpbXBvcnRpbmciOiJNQT09In0="
        }
      ]
    },
    {
      "module": "module.c8kv2",
      "mode": "managed",
      "type": "iosxe_interface_loopback",
      "name": "interface_loop1",
      "provider": "module.c8kv2.provider[\"registry.terraform.io/ciscodevnet/iosxe\"].c8kv2",
      "instances": [
        {
          "schema_version": 0,
          "attributes": {
            "arp_timeout": null,
            "delete_mode": null,
            "description": "Terraform Configure Interface Lo1",
            "device": null,
            "id": "Cisco-IOS-XE-native:native/interface/Loopback=1",
            "ip_access_group_in": null,
            "ip_access_group_in_enable": null,
            "ip_access_group_out": null,
            "ip_access_group_out_enable": null,
            "ip_igmp_version": null,
            "ip_nat_inside": null,
            "ip_nat_outside": null,
            "ip_proxy_arp": null,
            "ip_redirects": null,
            "ip_router_isis": null,
            "ip_unreachables": null,
            "ipv4_address": "22.2.2.2",
            "ipv4_address_mask": "255.255.255.0",
            "ipv6_address_autoconfig_default": null,
            "ipv6_address_dhcp": null,
            "ipv6_addresses": null,
            "ipv6_enable": null,
            "ipv6_link_local_addresses": null,
            "ipv6_mtu": null,
            "ipv6_nd_ra_suppress_all": null,
            "name": 1,
            "shutdown": false,
            "vrf_forwarding": null
          },
          "sensitive_attributes": [],
          "private": "eyJpbXBvcnRpbmciOiJNQT09In0="
        }
      ]
    },
    {
      "module": "module.c8kv2",
      "mode": "managed",
      "type": "iosxe_system",
      "name": "system",
      "provider": "module.c8kv2.provider[\"registry.terraform.io/ciscodevnet/iosxe\"].c8kv2",
      "instances": [
        {
          "schema_version": 0,
          "attributes": {
            "access_session_mac_move_deny": null,
            "archive_log_config_logging_enable": null,
            "archive_log_config_logging_size": null,
            "archive_maximum": null,
            "archive_path": null,
            "archive_time_period": null,
            "archive_write_memory": null,
            "authentication_mac_move_deny_uncontrolled": null,
            "authentication_mac_move_permit": null,
            "boot_system_bootfiles": null,
            "boot_system_flash_files": null,
            "call_home_cisco_tac_1_destination_transport_method": null,
            "call_home_cisco_tac_1_profile_active": null,
            "call_home_contact_email": null,
            "cisp_enable": null,
            "control_plane_service_policy_input": null,
            "device": null,
            "device_classifier": null,
            "diagnostic_bootup_level": null,
            "diagnostic_event_log_size": null,
            "enable_secret": null,
            "enable_secret_level": null,
            "enable_secret_type": null,
            "enable_secret_wo": null,
            "enable_secret_wo_version": null,
            "epm_logging": null,
            "ethernet_cfm_alarm_config_delay": null,
            "ethernet_cfm_alarm_config_reset": null,
            "hostname": "C8Kv2",
            "id": "Cisco-IOS-XE-native:native",
            "igmp_snooping_querier": null,
            "igmp_snooping_querier_max_response_time": null,
            "igmp_snooping_querier_timer_expiry": null,
            "igmp_snooping_querier_version": null,
            "ip_bgp_community_new_format": null,
            "ip_cef_load_sharing_algorithm_include_ports_destination": null,
            "ip_cef_load_sharing_algorithm_include_ports_source": null,
            "ip_default_gateway": null,
            "ip_domain_list_names": null,
            "ip_domain_list_vrf": null,
            "ip_domain_list_vrf_domain": null,
            "ip_domain_lookup": null,
            "ip_domain_lookup_nsap": null,
            "ip_domain_lookup_recursive": null,
            "ip_domain_lookup_source_interface_five_gigabit_ethernet": null,
            "ip_domain_lookup_source_interface_forty_gigabit_ethernet": null,
            "ip_domain_lookup_source_interface_gigabit_ethernet": null,
            "ip_domain_lookup_source_interface_hundred_gigabit_ethernet": null,
            "ip_domain_lookup_source_interface_loopback": null,
            "ip_domain_lookup_source_interface_ten_gigabit_ethernet": null,
            "ip_domain_lookup_source_interface_twenty_five_gigabit_ethernet": null,
            "ip_domain_lookup_source_interface_two_gigabit_ethernet": null,
            "ip_domain_lookup_source_interface_vlan": null,
            "ip_domain_lookup_vrfs": null,
            "ip_domain_name": "lab.local",
            "ip_forward_protocol_nd": null,
            "ip_ftp_passive": null,
            "ip_hosts": null,
            "ip_hosts_vrf": null,
            "ip_http_access_class": null,
            "ip_http_active_session_modules": null,
            "ip_http_authentication_aaa": null,
            "ip_http_authentication_aaa_command_authorization": null,
            "ip_http_authentication_aaa_exec_authorization": null,
            "ip_http_authentication_aaa_login_authentication": null,
            "ip_http_authentication_local": null,
            "ip_http_client_secure_trustpoint": null,
            "ip_http_client_source_interface": null,
            "ip_http_max_connections": null,
            "ip_http_secure_active_session_modules": null,
            "ip_http_secure_server": null,
            "ip_http_secure_trustpoint": null,
            "ip_http_server": null,
            "ip_http_tls_version": null,
            "ip_multicast_route_limit": null,
            "ip_multicast_routing": null,
            "ip_multicast_routing_distributed": null,
            "ip_name_servers": null,
            "ip_name_servers_vrf": null,
            "ip_nbar_classification_dns_classify_by_domain": null,
            "ip_radius_source_interface_five_gigabit_ethernet": null,
            "ip_radius_source_interface_forty_gigabit_ethernet": null,
            "ip_radius_source_interface_gigabit_ethernet": null,
            "ip_radius_source_interface_hundred_gigabit_ethernet": null,
            "ip_radius_source_interface_loopback": null,
            "ip_radius_source_interface_ten_gigabit_ethernet": null,
            "ip_radius_source_interface_twenty_five_gigabit_ethernet": null,
            "ip_radius_source_interface_two_gigabit_ethernet": null,
            "ip_radius_source_interface_vlan": null,
            "ip_radius_source_interface_vrf": null,
            "ip_routing": null,
            "ip_routing_protocol_purge_interface": null,
            "ip_scp_server_enable": null,
            "ip_sftp_password": null,
            "ip_sftp_password_encryption": null,
            "ip_sftp_password_wo": null,
            "ip_sftp_password_wo_version": null,
            "ip_sftp_username": null,
            "ip_source_route": null,
            "ip_ssh_authentication_retries": null,
            "ip_ssh_bulk_mode": null,
            "ip_ssh_bulk_mode_window_size": null,
            "ip_ssh_source_interface_five_gigabit_ethernet": null,
            "ip_ssh_source_interface_forty_gigabit_ethernet": null,
            "ip_ssh_source_interface_gigabit_ethernet": null,
            "ip_ssh_source_interface_hundred_gigabit_ethernet": null,
            "ip_ssh_source_interface_loopback": null,
            "ip_ssh_source_interface_ten_gigabit_ethernet": null,
            "ip_ssh_source_interface_twenty_five_gigabit_ethernet": null,
            "ip_ssh_source_interface_two_gigabit_ethernet": null,
            "ip_ssh_source_interface_vlan": null,
            "ip_ssh_time_out": null,
            "ip_ssh_version": null,
            "ip_ssh_version_legacy": null,
            "ip_tacacs_source_interface_five_gigabit_ethernet": null,
            "ip_tacacs_source_interface_forty_gigabit_ethernet": null,
            "ip_tacacs_source_interface_gigabit_ethernet": null,
            "ip_tacacs_source_interface_hundred_gigabit_ethernet": null,
            "ip_tacacs_source_interface_loopback": null,
            "ip_tacacs_source_interface_ten_gigabit_ethernet": null,
            "ip_tacacs_source_interface_twenty_five_gigabit_ethernet": null,
            "ip_tacacs_source_interface_two_gigabit_ethernet": null,
            "ip_tacacs_source_interface_vlan": null,
            "ip_tacacs_source_interface_vrf": null,
            "ip_tcp_mss": null,
            "ip_tcp_path_mtu_discovery": null,
            "ip_tcp_window_size": null,
            "ipv6_cef_load_sharing_algorithm_include_ports_destination": null,
            "ipv6_cef_load_sharing_algorithm_include_ports_source": null,
            "ipv6_multicast_routing": null,
            "ipv6_unicast_routing": null,
            "login_delay": null,
            "login_on_failure": null,
            "login_on_failure_log": null,
            "login_on_success": null,
            "login_on_success_log": null,
            "memory_free_low_watermark_processor": null,
            "mld_snooping": null,
            "mld_snooping_querier": null,
            "mtu": null,
            "multicast_routing_switch": null,
            "multicast_routing_vrfs": null,
            "multilink_ppp_bundle_name": null,
            "pnp_profiles": null,
            "port_channel_load_balance": null,
            "redundancy": null,
            "redundancy_mode": null,
            "security_passwords_min_length": null,
            "standby_redirects": null,
            "standby_redirects_enable_disable": null,
            "subscriber_templating": null,
            "table_maps": null,
            "tftp_source_interface_five_gigabit_ethernet": null,
            "tftp_source_interface_forty_gigabit_ethernet": null,
            "tftp_source_interface_gigabit_ethernet": null,
            "tftp_source_interface_hundred_gigabit_ethernet": null,
            "tftp_source_interface_loopback": null,
            "tftp_source_interface_ten_gigabit_ethernet": null,
            "tftp_source_interface_twenty_five_gigabit_ethernet": null,
            "tftp_source_interface_two_gigabit_ethernet": null,
            "tftp_source_interface_vlan": null,
            "track_objects": null,
            "transceiver_type_all_monitoring": null,
            "version": null
          },
          "sensitive_attributes": [
            [
              {
                "type": "get_attr",
                "value": "enable_secret"
              }
            ],
            [
              {
                "type": "get_attr",
                "value": "ip_sftp_password"
              }
            ]
          ],
          "private": "eyJpbXBvcnRpbmciOiJNQT09In0="
        }
      ]
    }
  ],
  "check_results": null
}
